// !$*UTF8*$!
{
	archiveVersion = 1;
	classes = {
	};
	objectVersion = 55;
	objects = {

/* Begin PBXBuildFile section */
		9239133838520707FF190AD4 /* Pods_PushExample.framework in Frameworks */ = {isa = PBXBuildFile; fileRef = B7017EF42E5567E105746835 /* Pods_PushExample.framework */; };
		C4B62F57283BD377007359DA /* AppDelegate.swift in Sources */ = {isa = PBXBuildFile; fileRef = C4B62F56283BD377007359DA /* AppDelegate.swift */; };
		C4B62F59283BD377007359DA /* SceneDelegate.swift in Sources */ = {isa = PBXBuildFile; fileRef = C4B62F58283BD377007359DA /* SceneDelegate.swift */; };
		C4B62F5B283BD377007359DA /* ViewController.swift in Sources */ = {isa = PBXBuildFile; fileRef = C4B62F5A283BD377007359DA /* ViewController.swift */; };
		C4B62F5E283BD377007359DA /* Main.storyboard in Resources */ = {isa = PBXBuildFile; fileRef = C4B62F5C283BD377007359DA /* Main.storyboard */; };
		C4B62F60283BD379007359DA /* Assets.xcassets in Resources */ = {isa = PBXBuildFile; fileRef = C4B62F5F283BD379007359DA /* Assets.xcassets */; };
		C4B62F63283BD379007359DA /* LaunchScreen.storyboard in Resources */ = {isa = PBXBuildFile; fileRef = C4B62F61283BD379007359DA /* LaunchScreen.storyboard */; };
		C4B62F6C283BED1B007359DA /* GoogleService-Info.plist in Resources */ = {isa = PBXBuildFile; fileRef = C4B62F6B283BED1A007359DA /* GoogleService-Info.plist */; };
/* End PBXBuildFile section */

/* Begin PBXFileReference section */
		560F0B3C828EF251E19F2449 /* Pods-PushExample.debug.xcconfig */ = {isa = PBXFileReference; includeInIndex = 1; lastKnownFileType = text.xcconfig; name = "Pods-PushExample.debug.xcconfig"; path = "Target Support Files/Pods-PushExample/Pods-PushExample.debug.xcconfig"; sourceTree = "<group>"; };
		B7017EF42E5567E105746835 /* Pods_PushExample.framework */ = {isa = PBXFileReference; explicitFileType = wrapper.framework; includeInIndex = 0; path = Pods_PushExample.framework; sourceTree = BUILT_PRODUCTS_DIR; };
		C4B62F53283BD377007359DA /* PushExample.app */ = {isa = PBXFileReference; explicitFileType = wrapper.application; includeInIndex = 0; path = PushExample.app; sourceTree = BUILT_PRODUCTS_DIR; };
		C4B62F56283BD377007359DA /* AppDelegate.swift */ = {isa = PBXFileReference; lastKnownFileType = sourcecode.swift; path = AppDelegate.swift; sourceTree = "<group>"; };
		C4B62F58283BD377007359DA /* SceneDelegate.swift */ = {isa = PBXFileReference; lastKnownFileType = sourcecode.swift; path = SceneDelegate.swift; sourceTree = "<group>"; };
		C4B62F5A283BD377007359DA /* ViewController.swift */ = {isa = PBXFileReference; lastKnownFileType = sourcecode.swift; path = ViewController.swift; sourceTree = "<group>"; };
		C4B62F5D283BD377007359DA /* Base */ = {isa = PBXFileReference; lastKnownFileType = file.storyboard; name = Base; path = Base.lproj/Main.storyboard; sourceTree = "<group>"; };
		C4B62F5F283BD379007359DA /* Assets.xcassets */ = {isa = PBXFileReference; lastKnownFileType = folder.assetcatalog; path = Assets.xcassets; sourceTree = "<group>"; };
		C4B62F62283BD379007359DA /* Base */ = {isa = PBXFileReference; lastKnownFileType = file.storyboard; name = Base; path = Base.lproj/LaunchScreen.storyboard; sourceTree = "<group>"; };
		C4B62F64283BD379007359DA /* Info.plist */ = {isa = PBXFileReference; lastKnownFileType = text.plist.xml; path = Info.plist; sourceTree = "<group>"; };
		C4B62F6A283BEB2E007359DA /* PushExample.entitlements */ = {isa = PBXFileReference; lastKnownFileType = text.plist.entitlements; path = PushExample.entitlements; sourceTree = "<group>"; };
		C4B62F6B283BED1A007359DA /* GoogleService-Info.plist */ = {isa = PBXFileReference; fileEncoding = 4; lastKnownFileType = text.plist.xml; path = "GoogleService-Info.plist"; sourceTree = "<group>"; };
		D401D0AF589A16102D6977E2 /* Pods-PushExample.release.xcconfig */ = {isa = PBXFileReference; includeInIndex = 1; lastKnownFileType = text.xcconfig; name = "Pods-PushExample.release.xcconfig"; path = "Target Support Files/Pods-PushExample/Pods-PushExample.release.xcconfig"; sourceTree = "<group>"; };
/* End PBXFileReference section */

/* Begin PBXFrameworksBuildPhase section */
		C4B62F50283BD377007359DA /* Frameworks */ = {
			isa = PBXFrameworksBuildPhase;
			buildActionMask = 2147483647;
			files = (
				9239133838520707FF190AD4 /* Pods_PushExample.framework in Frameworks */,
			);
			runOnlyForDeploymentPostprocessing = 0;
		};
/* End PBXFrameworksBuildPhase section */

/* Begin PBXGroup section */
		134E65C3BAC68592934FC9B3 /* Pods */ = {
			isa = PBXGroup;
			children = (
				560F0B3C828EF251E19F2449 /* Pods-PushExample.debug.xcconfig */,
				D401D0AF589A16102D6977E2 /* Pods-PushExample.release.xcconfig */,
			);
			path = Pods;
			sourceTree = "<group>";
		};
		3FCC23F814199BAE18A44C4C /* Frameworks */ = {
			isa = PBXGroup;
			children = (
				B7017EF42E5567E105746835 /* Pods_PushExample.framework */,
			);
			name = Frameworks;
			sourceTree = "<group>";
		};
		C4B62F4A283BD377007359DA = {
			isa = PBXGroup;
			children = (
				C4B62F55283BD377007359DA /* PushExample */,
				C4B62F54283BD377007359DA /* Products */,
				134E65C3BAC68592934FC9B3 /* Pods */,
				3FCC23F814199BAE18A44C4C /* Frameworks */,
			);
			sourceTree = "<group>";
		};
		C4B62F54283BD377007359DA /* Products */ = {
			isa = PBXGroup;
			children = (
				C4B62F53283BD377007359DA /* PushExample.app */,
			);
			name = Products;
			sourceTree = "<group>";
		};
		C4B62F55283BD377007359DA /* PushExample */ = {
			isa = PBXGroup;
			children = (
				C4B62F6B283BED1A007359DA /* GoogleService-Info.plist */,
				C4B62F6A283BEB2E007359DA /* PushExample.entitlements */,
				C4B62F56283BD377007359DA /* AppDelegate.swift */,
				C4B62F58283BD377007359DA /* SceneDelegate.swift */,
				C4B62F5A283BD377007359DA /* ViewController.swift */,
				C4B62F5C283BD377007359DA /* Main.storyboard */,
				C4B62F5F283BD379007359DA /* Assets.xcassets */,
				C4B62F61283BD379007359DA /* LaunchScreen.storyboard */,
				C4B62F64283BD379007359DA /* Info.plist */,
			);
			path = PushExample;
			sourceTree = "<group>";
		};
/* End PBXGroup section */

/* Begin PBXNativeTarget section */
		C4B62F52283BD377007359DA /* PushExample */ = {
			isa = PBXNativeTarget;
			buildConfigurationList = C4B62F67283BD379007359DA /* Build configuration list for PBXNativeTarget "PushExample" */;
			buildPhases = (
				CE4EC8B875DA8B99FF190D8D /* [CP] Check Pods Manifest.lock */,
				C4B62F4F283BD377007359DA /* Sources */,
				C4B62F50283BD377007359DA /* Frameworks */,
				C4B62F51283BD377007359DA /* Resources */,
				0F67B6BC0AFC6DECB1D43E30 /* [CP] Embed Pods Frameworks */,
			);
			buildRules = (
			);
			dependencies = (
			);
			name = PushExample;
			productName = PushExample;
			productReference = C4B62F53283BD377007359DA /* PushExample.app */;
			productType = "com.apple.product-type.application";
		};
/* End PBXNativeTarget section */

/* Begin PBXProject section */
		C4B62F4B283BD377007359DA /* Project object */ = {
			isa = PBXProject;
			attributes = {
				BuildIndependentTargetsInParallel = 1;
				LastSwiftUpdateCheck = 1330;
				LastUpgradeCheck = 1330;
				TargetAttributes = {
					C4B62F52283BD377007359DA = {
						CreatedOnToolsVersion = 13.3.1;
					};
				};
			};
			buildConfigurationList = C4B62F4E283BD377007359DA /* Build configuration list for PBXProject "PushExample" */;
			compatibilityVersion = "Xcode 13.0";
			developmentRegion = en;
			hasScannedForEncodings = 0;
			knownRegions = (
				en,
				Base,
			);
			mainGroup = C4B62F4A283BD377007359DA;
			productRefGroup = C4B62F54283BD377007359DA /* Products */;
			projectDirPath = "";
			projectRoot = "";
			targets = (
				C4B62F52283BD377007359DA /* PushExample */,
			);
		};
/* End PBXProject section */

/* Begin PBXResourcesBuildPhase section */
		C4B62F51283BD377007359DA /* Resources */ = {
			isa = PBXResourcesBuildPhase;
			buildActionMask = 2147483647;
			files = (
				C4B62F63283BD379007359DA /* LaunchScreen.storyboard in Resources */,
				C4B62F6C283BED1B007359DA /* GoogleService-Info.plist in Resources */,
				C4B62F60283BD379007359DA /* Assets.xcassets in Resources */,
				C4B62F5E283BD377007359DA /* Main.storyboard in Resources */,
			);
			runOnlyForDeploymentPostprocessing = 0;
		};
/* End PBXResourcesBuildPhase section */

/* Begin PBXShellScriptBuildPhase section */
		0F67B6BC0AFC6DECB1D43E30 /* [CP] Embed Pods Frameworks */ = {
			isa = PBXShellScriptBuildPhase;
			buildActionMask = 2147483647;
			files = (
			);
			inputFileListPaths = (
				"${PODS_ROOT}/Target Support Files/Pods-PushExample/Pods-PushExample-frameworks-${CONFIGURATION}-input-files.xcfilelist",
			);
			name = "[CP] Embed Pods Frameworks";
			outputFileListPaths = (
				"${PODS_ROOT}/Target Support Files/Pods-PushExample/Pods-PushExample-frameworks-${CONFIGURATION}-output-files.xcfilelist",
			);
			runOnlyForDeploymentPostprocessing = 0;
			shellPath = /bin/sh;
			shellScript = "\"${PODS_ROOT}/Target Support Files/Pods-PushExample/Pods-PushExample-frameworks.sh\"\n";
			showEnvVarsInLog = 0;
		};
		CE4EC8B875DA8B99FF190D8D /* [CP] Check Pods Manifest.lock */ = {
			isa = PBXShellScriptBuildPhase;
			buildActionMask = 2147483647;
			files = (
			);
			inputFileListPaths = (
			);
			inputPaths = (
				"${PODS_PODFILE_DIR_PATH}/Podfile.lock",
				"${PODS_ROOT}/Manifest.lock",
			);
			name = "[CP] Check Pods Manifest.lock";
			outputFileListPaths = (
			);
			outputPaths = (
				"$(DERIVED_FILE_DIR)/Pods-PushExample-checkManifestLockResult.txt",
			);
			runOnlyForDeploymentPostprocessing = 0;
			shellPath = /bin/sh;
			shellScript = "diff \"${PODS_PODFILE_DIR_PATH}/Podfile.lock\" \"${PODS_ROOT}/Manifest.lock\" > /dev/null\nif [ $? != 0 ] ; then\n    # print error to STDERR\n    echo \"error: The sandbox is not in sync with the Podfile.lock. Run 'pod install' or update your CocoaPods installation.\" >&2\n    exit 1\nfi\n# This output is used by Xcode 'outputs' to avoid re-running this script phase.\necho \"SUCCESS\" > \"${SCRIPT_OUTPUT_FILE_0}\"\n";
			showEnvVarsInLog = 0;
		};
/* End PBXShellScriptBuildPhase section */

/* Begin PBXSourcesBuildPhase section */
		C4B62F4F283BD377007359DA /* Sources */ = {
			isa = PBXSourcesBuildPhase;
			buildActionMask = 2147483647;
			files = (
				C4B62F5B283BD377007359DA /* ViewController.swift in Sources */,
				C4B62F57283BD377007359DA /* AppDelegate.swift in Sources */,
				C4B62F59283BD377007359DA /* SceneDelegate.swift in Sources */,
			);
			runOnlyForDeploymentPostprocessing = 0;
		};
/* End PBXSourcesBuildPhase section */

/* Begin PBXVariantGroup section */
		C4B62F5C283BD377007359DA /* Main.storyboard */ = {
			isa = PBXVariantGroup;
			children = (
				C4B62F5D283BD377007359DA /* Base */,
			);
			name = Main.storyboard;
			sourceTree = "<group>";
		};
		C4B62F61283BD379007359DA /* LaunchScreen.storyboard */ = {
			isa = PBXVariantGroup;
			children = (
				C4B62F62283BD379007359DA /* Base */,
			);
			name = LaunchScreen.storyboard;
			sourceTree = "<group>";
		};
/* End PBXVariantGroup section */

/* Begin XCBuildConfiguration section */
		C4B62F65283BD379007359DA /* Debug */ = {
			isa = XCBuildConfiguration;
			buildSettings = {
				ALWAYS_SEARCH_USER_PATHS = NO;
				CLANG_ANALYZER_NONNULL = YES;
				CLANG_ANALYZER_NUMBER_OBJECT_CONVERSION = YES_AGGRESSIVE;
				CLANG_CXX_LANGUAGE_STANDARD = "gnu++17";
				CLANG_ENABLE_MODULES = YES;
				CLANG_ENABLE_OBJC_ARC = YES;
				CLANG_ENABLE_OBJC_WEAK = YES;
				CLANG_WARN_BLOCK_CAPTURE_AUTORELEASING = YES;
				CLANG_WARN_BOOL_CONVERSION = YES;
				CLANG_WARN_COMMA = YES;
				CLANG_WARN_CONSTANT_CONVERSION = YES;
				CLANG_WARN_DEPRECATED_OBJC_IMPLEMENTATIONS = YES;
				CLANG_WARN_DIRECT_OBJC_ISA_USAGE = YES_ERROR;
				CLANG_WARN_DOCUMENTATION_COMMENTS = YES;
				CLANG_WARN_EMPTY_BODY = YES;
				CLANG_WARN_ENUM_CONVERSION = YES;
				CLANG_WARN_INFINITE_RECURSION = YES;
				CLANG_WARN_INT_CONVERSION = YES;
				CLANG_WARN_NON_LITERAL_NULL_CONVERSION = YES;
				CLANG_WARN_OBJC_IMPLICIT_RETAIN_SELF = YES;
				CLANG_WARN_OBJC_LITERAL_CONVERSION = YES;
				CLANG_WARN_OBJC_ROOT_CLASS = YES_ERROR;
				CLANG_WARN_QUOTED_INCLUDE_IN_FRAMEWORK_HEADER = YES;
				CLANG_WARN_RANGE_LOOP_ANALYSIS = YES;
				CLANG_WARN_STRICT_PROTOTYPES = YES;
				CLANG_WARN_SUSPICIOUS_MOVE = YES;
				CLANG_WARN_UNGUARDED_AVAILABILITY = YES_AGGRESSIVE;
				CLANG_WARN_UNREACHABLE_CODE = YES;
				CLANG_WARN__DUPLICATE_METHOD_MATCH = YES;
				COPY_PHASE_STRIP = NO;
				DEBUG_INFORMATION_FORMAT = dwarf;
				ENABLE_STRICT_OBJC_MSGSEND = YES;
				ENABLE_TESTABILITY = YES;
				GCC_C_LANGUAGE_STANDARD = gnu11;
				GCC_DYNAMIC_NO_PIC = NO;
				GCC_NO_COMMON_BLOCKS = YES;
				GCC_OPTIMIZATION_LEVEL = 0;
				GCC_PREPROCESSOR_DEFINITIONS = (
					"DEBUG=1",
					"$(inherited)",
				);
				GCC_WARN_64_TO_32_BIT_CONVERSION = YES;
				GCC_WARN_ABOUT_RETURN_TYPE = YES_ERROR;
				GCC_WARN_UNDECLARED_SELECTOR = YES;
				GCC_WARN_UNINITIALIZED_AUTOS = YES_AGGRESSIVE;
				GCC_WARN_UNUSED_FUNCTION = YES;
				GCC_WARN_UNUSED_VARIABLE = YES;
				IPHONEOS_DEPLOYMENT_TARGET = 15.4;
				MTL_ENABLE_DEBUG_INFO = INCLUDE_SOURCE;
				MTL_FAST_MATH = YES;
				ONLY_ACTIVE_ARCH = YES;
				SDKROOT = iphoneos;
				SWIFT_ACTIVE_COMPILATION_CONDITIONS = DEBUG;
				SWIFT_OPTIMIZATION_LEVEL = "-Onone";
			};
			name = Debug;
		};
		C4B62F66283BD379007359DA /* Release */ = {
			isa = XCBuildConfiguration;
			buildSettings = {
				ALWAYS_SEARCH_USER_PATHS = NO;
				CLANG_ANALYZER_NONNULL = YES;
				CLANG_ANALYZER_NUMBER_OBJECT_CONVERSION = YES_AGGRESSIVE;
				CLANG_CXX_LANGUAGE_STANDARD = "gnu++17";
				CLANG_ENABLE_MODULES = YES;
				CLANG_ENABLE_OBJC_ARC = YES;
				CLANG_ENABLE_OBJC_WEAK = YES;
				CLANG_WARN_BLOCK_CAPTURE_AUTORELEASING = YES;
				CLANG_WARN_BOOL_CONVERSION = YES;
				CLANG_WARN_COMMA = YES;
				CLANG_WARN_CONSTANT_CONVERSION = YES;
				CLANG_WARN_DEPRECATED_OBJC_IMPLEMENTATIONS = YES;
				CLANG_WARN_DIRECT_OBJC_ISA_USAGE = YES_ERROR;
				CLANG_WARN_DOCUMENTATION_COMMENTS = YES;
				CLANG_WARN_EMPTY_BODY = YES;
				CLANG_WARN_ENUM_CONVERSION = YES;
				CLANG_WARN_INFINITE_RECURSION = YES;
				CLANG_WARN_INT_CONVERSION = YES;
				CLANG_WARN_NON_LITERAL_NULL_CONVERSION = YES;
				CLANG_WARN_OBJC_IMPLICIT_RETAIN_SELF = YES;
				CLANG_WARN_OBJC_LITERAL_CONVERSION = YES;
				CLANG_WARN_OBJC_ROOT_CLASS = YES_ERROR;
				CLANG_WARN_QUOTED_INCLUDE_IN_FRAMEWORK_HEADER = YES;
				CLANG_WARN_RANGE_LOOP_ANALYSIS = YES;
				CLANG_WARN_STRICT_PROTOTYPES = YES;
				CLANG_WARN_SUSPICIOUS_MOVE = YES;
				CLANG_WARN_UNGUARDED_AVAILABILITY = YES_AGGRESSIVE;
				CLANG_WARN_UNREACHABLE_CODE = YES;
				CLANG_WARN__DUPLICATE_METHOD_MATCH = YES;
				COPY_PHASE_STRIP = NO;
				DEBUG_INFORMATION_FORMAT = "dwarf-with-dsym";
				ENABLE_NS_ASSERTIONS = NO;
				ENABLE_STRICT_OBJC_MSGSEND = YES;
				GCC_C_LANGUAGE_STANDARD = gnu11;
				GCC_NO_COMMON_BLOCKS = YES;
				GCC_WARN_64_TO_32_BIT_CONVERSION = YES;
				GCC_WARN_ABOUT_RETURN_TYPE = YES_ERROR;
				GCC_WARN_UNDECLARED_SELECTOR = YES;
				GCC_WARN_UNINITIALIZED_AUTOS = YES_AGGRESSIVE;
				GCC_WARN_UNUSED_FUNCTION = YES;
				GCC_WARN_UNUSED_VARIABLE = YES;
				IPHONEOS_DEPLOYMENT_TARGET = 15.4;
				MTL_ENABLE_DEBUG_INFO = NO;
				MTL_FAST_MATH = YES;
				SDKROOT = iphoneos;
				SWIFT_COMPILATION_MODE = wholemodule;
				SWIFT_OPTIMIZATION_LEVEL = "-O";
				VALIDATE_PRODUCT = YES;
			};
			name = Release;
		};
		C4B62F68283BD379007359DA /* Debug */ = {
			isa = XCBuildConfiguration;
			baseConfigurationReference = 560F0B3C828EF251E19F2449 /* Pods-PushExample.debug.xcconfig */;
			buildSettings = {
				ASSETCATALOG_COMPILER_APPICON_NAME = AppIcon;
				ASSETCATALOG_COMPILER_GLOBAL_ACCENT_COLOR_NAME = AccentColor;
				CODE_SIGN_ENTITLEMENTS = PushExample/PushExample.entitlements;
				CODE_SIGN_STYLE = Automatic;
				CURRENT_PROJECT_VERSION = 1;
				DEVELOPMENT_TEAM = X28T8ZG28R;
				GENERATE_INFOPLIST_FILE = YES;
				INFOPLIST_FILE = PushExample/Info.plist;
				INFOPLIST_KEY_UIApplicationSupportsIndirectInputEvents = YES;
				INFOPLIST_KEY_UILaunchStoryboardName = LaunchScreen;
				INFOPLIST_KEY_UIMainStoryboardFile = Main;
				INFOPLIST_KEY_UISupportedInterfaceOrientations_iPad = "UIInterfaceOrientationPortrait UIInterfaceOrientationPortraitUpsideDown UIInterfaceOrientationLandscapeLeft UIInterfaceOrientationLandscapeRight";
				INFOPLIST_KEY_UISupportedInterfaceOrientations_iPhone = "UIInterfaceOrientationPortrait UIInterfaceOrientationLandscapeLeft UIInterfaceOrientationLandscapeRight";
				LD_RUNPATH_SEARCH_PATHS = (
					"$(inherited)",
					"@executable_path/Frameworks",
				);
				MARKETING_VERSION = 1.0;
				PRODUCT_BUNDLE_IDENTIFIER = murphy.iosDevSean.PushExample;
				PRODUCT_NAME = "$(TARGET_NAME)";
				SWIFT_EMIT_LOC_STRINGS = YES;
				SWIFT_VERSION = 5.0;
				TARGETED_DEVICE_FAMILY = "1,2";
			};
			name = Debug;
		};
		C4B62F69283BD379007359DA /* Release */ = {
			isa = XCBuildConfiguration;
			baseConfigurationReference = D401D0AF589A16102D6977E2 /* Pods-PushExample.release.xcconfig */;
			buildSettings = {
				ASSETCATALOG_COMPILER_APPICON_NAME = AppIcon;
				ASSETCATALOG_COMPILER_GLOBAL_ACCENT_COLOR_NAME = AccentColor;
				CODE_SIGN_ENTITLEMENTS = PushExample/PushExample.entitlements;
				CODE_SIGN_STYLE = Automatic;
				CURRENT_PROJECT_VERSION = 1;
				DEVELOPMENT_TEAM = X28T8ZG28R;
				GENERATE_INFOPLIST_FILE = YES;
				INFOPLIST_FILE = PushExample/Info.plist;
				INFOPLIST_KEY_UIApplicationSupportsIndirectInputEvents = YES;
				INFOPLIST_KEY_UILaunchStoryboardName = LaunchScreen;
				INFOPLIST_KEY_UIMainStoryboardFile = Main;
				INFOPLIST_KEY_UISupportedInterfaceOrientations_iPad = "UIInterfaceOrientationPortrait UIInterfaceOrientationPortraitUpsideDown UIInterfaceOrientationLandscapeLeft UIInterfaceOrientationLandscapeRight";
				INFOPLIST_KEY_UISupportedInterfaceOrientations_iPhone = "UIInterfaceOrientationPortrait UIInterfaceOrientationLandscapeLeft UIInterfaceOrientationLandscapeRight";
				LD_RUNPATH_SEARCH_PATHS = (
					"$(inherited)",
					"@executable_path/Frameworks",
				);
				MARKETING_VERSION = 1.0;
				PRODUCT_BUNDLE_IDENTIFIER = murphy.iosDevSean.PushExample;
				PRODUCT_NAME = "$(TARGET_NAME)";
				SWIFT_EMIT_LOC_STRINGS = YES;
				SWIFT_VERSION = 5.0;
				TARGETED_DEVICE_FAMILY = "1,2";
			};
			name = Release;
		};
/* End XCBuildConfiguration section */

/* Begin XCConfigurationList section */
		C4B62F4E283BD377007359DA /* Build configuration list for PBXProject "PushExample" */ = {
			isa = XCConfigurationList;
			buildConfigurations = (
				C4B62F65283BD379007359DA /* Debug */,
				C4B62F66283BD379007359DA /* Release */,
			);
			defaultConfigurationIsVisible = 0;
			defaultConfigurationName = Release;
		};
		C4B62F67283BD379007359DA /* Build configuration list for PBXNativeTarget "PushExample" */ = {
			isa = XCConfigurationList;
			buildConfigurations = (
				C4B62F68283BD379007359DA /* Debug */,
				C4B62F69283BD379007359DA /* Release */,
			);
			defaultConfigurationIsVisible = 0;
			defaultConfigurationName = Release;
		};
/* End XCConfigurationList section */
	};
	rootObject = C4B62F4B283BD377007359DA /* Project object */;
}
